
Microsoft Visual Studio Solution File, Format Version 12.00
# Visual Studio Version 17
VisualStudioVersion = 17.2.32630.192
MinimumVisualStudioVersion = 10.0.40219.1
Project("{FAE04EC0-301F-11D3-BF4B-00C04F79EFBC}") = "ConsoleApp5", "ConsoleApp5\ConsoleApp5.csproj", "{342D167B-E8A6-42E4-BCF0-1AB652A5CA66}"
EndProject
Global
	GlobalSection(SolutionConfigurationPlatforms) = preSolution
		Debug|Any CPU = Debug|Any CPU
		Release|Any CPU = Release|Any CPU
	EndGlobalSection
	GlobalSection(ProjectConfigurationPlatforms) = postSolution
		{342D167B-E8A6-42E4-BCF0-1AB652A5CA66}.Debug|Any CPU.ActiveCfg = Debug|Any CPU
		{342D167B-E8A6-42E4-BCF0-1AB652A5CA66}.Debug|Any CPU.Build.0 = Debug|Any CPU
		{342D167B-E8A6-42E4-BCF0-1AB652A5CA66}.Release|Any CPU.ActiveCfg = Release|Any CPU
		{342D167B-E8A6-42E4-BCF0-1AB652A5CA66}.Release|Any CPU.Build.0 = Release|Any CPU
	EndGlobalSection
	GlobalSection(SolutionProperties) = preSolution
		HideSolutionNode = FALSE
	EndGlobalSection
	GlobalSection(ExtensibilityGlobals) = postSolution
		SolutionGuid = {89D91070-B3F6-4B62-98A7-CA36304129E1}
	EndGlobalSection
EndGlobal
